
Microsoft Visual Studio Solution File, Format Version 12.00
# Visual Studio Version 17
VisualStudioVersion = 17.10.34928.147
MinimumVisualStudioVersion = 10.0.40219.1
Project("{888888A0-9F3D-457C-B088-3A5042F75D52}") = "diamond_price_prediction", "diamond_price_prediction\diamond_price_prediction.pyproj", "{39E2363C-AB50-4FFC-8515-E2553944BF6E}"
EndProject
Global
	GlobalSection(SolutionConfigurationPlatforms) = preSolution
		Debug|Any CPU = Debug|Any CPU
		Release|Any CPU = Release|Any CPU
	EndGlobalSection
	GlobalSection(ProjectConfigurationPlatforms) = postSolution
		{39E2363C-AB50-4FFC-8515-E2553944BF6E}.Debug|Any CPU.ActiveCfg = Debug|Any CPU
		{39E2363C-AB50-4FFC-8515-E2553944BF6E}.Release|Any CPU.ActiveCfg = Release|Any CPU
	EndGlobalSection
	GlobalSection(SolutionProperties) = preSolution
		HideSolutionNode = FALSE
	EndGlobalSection
	GlobalSection(ExtensibilityGlobals) = postSolution
		SolutionGuid = {5D6F722E-7DB9-4863-9585-9770C753650C}
	EndGlobalSection
EndGlobal
